{
  "name": "algorithm-gitee",
  "version": "1.0.0",
  "lockfileVersion": 1,
  "requires": true,
  "dependencies": {
    "lsx-npm": {
      "version": "1.0.0",
      "resolved": "https://registry.npmjs.org/lsx-npm/-/lsx-npm-1.0.0.tgz",
      "integrity": "sha512-lnAqpRsXMOWEoWO9h12QEcZ6Jtg6gHDKKJDePTg3sP8+rRYoQLsT6jD+hC760saScFwPtXcpj3LTReVAkA9G8g=="
    }
  }
}
